version = 1
requires-python = ">=3.9"

[[package]]
name = "grpc-stubs"
version = "1.53.0.5"
source = { registry = "https://pypi.org/simple" }
dependencies = [
    { name = "grpcio" },
]
sdist = { url = "https://files.pythonhosted.org/packages/55/8d/14c6b8c2fa5d82ffe96aed53b1c38e2a9fb6a57c5836966545f3080e5adc/grpc-stubs-1.53.0.5.tar.gz", hash = "sha256:3e1b642775cbc3e0c6332cfcedfccb022176db87e518757bef3a1241397be406", size = 14259 }
wheels = [
    { url = "https://files.pythonhosted.org/packages/e0/86/147d2ccaf9b4b81407734b9abc1152aff39836e8e05be3bf069f9374c021/grpc_stubs-1.53.0.5-py3-none-any.whl", hash = "sha256:04183fb65a1b166a1febb9627e3d9647d3926ccc2dfe049fe7b6af243428dbe1", size = 16497 },
]

[[package]]
name = "grpcio"
version = "1.68.0"
source = { registry = "https://pypi.org/simple" }
sdist = { url = "https://files.pythonhosted.org/packages/d5/da/132615afbfc722df4bba963844843a205aa298fd5f9a03fa2995e8dddf11/grpcio-1.68.0.tar.gz", hash = "sha256:7e7483d39b4a4fddb9906671e9ea21aaad4f031cdfc349fec76bdfa1e404543a", size = 12682655 }
wheels = [
    { url = "https://files.pythonhosted.org/packages/57/31/31de69f683298451ec7663cb1e0c36ef07835e9a2b486dfd3665a189f7d1/grpcio-1.68.0-cp310-cp310-linux_armv7l.whl", hash = "sha256:619b5d0f29f4f5351440e9343224c3e19912c21aeda44e0c49d0d147a8d01544", size = 5170661 },
    { url = "https://files.pythonhosted.org/packages/0a/7b/caed06de43176982308404aff36141c0af03d279990baad45195254069cf/grpcio-1.68.0-cp310-cp310-macosx_12_0_universal2.whl", hash = "sha256:a59f5822f9459bed098ffbceb2713abbf7c6fd13f2b9243461da5c338d0cd6c3", size = 11077092 },
    { url = "https://files.pythonhosted.org/packages/57/b1/330966311df3097ca153c38e5ecc7fd872c82485ebda2b999c256cfc20e3/grpcio-1.68.0-cp310-cp310-manylinux_2_17_aarch64.whl", hash = "sha256:c03d89df516128febc5a7e760d675b478ba25802447624edf7aa13b1e7b11e2a", size = 5689632 },
    { url = "https://files.pythonhosted.org/packages/11/ee/4d2b67b244ecb765cf02ede2e8b8f7d5dbb9d6cd8290d6edc495dbade950/grpcio-1.68.0-cp310-cp310-manylinux_2_17_i686.manylinux2014_i686.whl", hash = "sha256:44bcbebb24363d587472089b89e2ea0ab2e2b4df0e4856ba4c0b087c82412121", size = 6316787 },
    { url = "https://files.pythonhosted.org/packages/d0/64/3a90fac70af2279477483d189007e244fec90ef0ba372043f21f8a6f5b80/grpcio-1.68.0-cp310-cp310-manylinux_2_17_x86_64.manylinux2014_x86_64.whl", hash = "sha256:79f81b7fbfb136247b70465bd836fa1733043fdee539cd6031cb499e9608a110", size = 5941966 },
    { url = "https://files.pythonhosted.org/packages/cc/a4/a30b344da85d680d834fed903e78c44a33028eadb9efae6850a7d398fd9b/grpcio-1.68.0-cp310-cp310-musllinux_1_1_i686.whl", hash = "sha256:88fb2925789cfe6daa20900260ef0a1d0a61283dfb2d2fffe6194396a354c618", size = 6646172 },
    { url = "https://files.pythonhosted.org/packages/c7/5a/b97371b4dbecbae31cafee6655f1982193a6e6412da2808c87c9b1734589/grpcio-1.68.0-cp310-cp310-musllinux_1_1_x86_64.whl", hash = "sha256:99f06232b5c9138593ae6f2e355054318717d32a9c09cdc5a2885540835067a1", size = 6212496 },
    { url = "https://files.pythonhosted.org/packages/47/df/dc797a6cb827fc6cf1ed4da812b3721b7705869d84d50d112543bb4ecf1b/grpcio-1.68.0-cp310-cp310-win32.whl", hash = "sha256:a6213d2f7a22c3c30a479fb5e249b6b7e648e17f364598ff64d08a5136fe488b", size = 3649704 },
    { url = "https://files.pythonhosted.org/packages/24/9a/91796bf4d7c6adb867add0ea37f83ea29d8a9743809f3478e5d284926775/grpcio-1.68.0-cp310-cp310-win_amd64.whl", hash = "sha256:15327ab81131ef9b94cb9f45b5bd98803a179c7c61205c8c0ac9aff9d6c4e82a", size = 4399061 },
    { url = "https://files.pythonhosted.org/packages/cf/5f/019594ff8130ce84f9317cfc1e3d2c2beef2b74fd8822c5f1dfe237cb0d5/grpcio-1.68.0-cp311-cp311-linux_armv7l.whl", hash = "sha256:3b2b559beb2d433129441783e5f42e3be40a9e1a89ec906efabf26591c5cd415", size = 5180685 },
    { url = "https://files.pythonhosted.org/packages/7b/59/34dae935bbb42f3e8929c90e9dfff49090cef412cf767cf4f14cd01ded18/grpcio-1.68.0-cp311-cp311-macosx_10_9_universal2.whl", hash = "sha256:e46541de8425a4d6829ac6c5d9b16c03c292105fe9ebf78cb1c31e8d242f9155", size = 11150577 },
    { url = "https://files.pythonhosted.org/packages/a6/5e/3df718124aadfc5d565c70ebe6a32c9ee747a9ccf211041596dd471fd763/grpcio-1.68.0-cp311-cp311-manylinux_2_17_aarch64.whl", hash = "sha256:c1245651f3c9ea92a2db4f95d37b7597db6b246d5892bca6ee8c0e90d76fb73c", size = 5685490 },
    { url = "https://files.pythonhosted.org/packages/4c/57/4e39ac1030875e0497debc9d5a4b3a1478ee1bd957ba4b87c27fcd7a3545/grpcio-1.68.0-cp311-cp311-manylinux_2_17_i686.manylinux2014_i686.whl", hash = "sha256:4f1931c7aa85be0fa6cea6af388e576f3bf6baee9e5d481c586980c774debcb4", size = 6316329 },
    { url = "https://files.pythonhosted.org/packages/26/fe/9208707b0c07d28bb9f466340e4f052142fe40d54ea5c2d57870ba0d6860/grpcio-1.68.0-cp311-cp311-manylinux_2_17_x86_64.manylinux2014_x86_64.whl", hash = "sha256:8b0ff09c81e3aded7a183bc6473639b46b6caa9c1901d6f5e2cba24b95e59e30", size = 5939890 },
    { url = "https://files.pythonhosted.org/packages/05/b9/e344bf744e095e2795fe942ce432add2d03761c3c440a5747705ff5b8efb/grpcio-1.68.0-cp311-cp311-musllinux_1_1_i686.whl", hash = "sha256:8c73f9fbbaee1a132487e31585aa83987ddf626426d703ebcb9a528cf231c9b1", size = 6644776 },
    { url = "https://files.pythonhosted.org/packages/ef/bf/0856c5fa93c3e1bd9f42da62a7aa6988c7a8f95f30dc4f9a3d631f75bb8e/grpcio-1.68.0-cp311-cp311-musllinux_1_1_x86_64.whl", hash = "sha256:6b2f98165ea2790ea159393a2246b56f580d24d7da0d0342c18a085299c40a75", size = 6211889 },
    { url = "https://files.pythonhosted.org/packages/63/40/eac5203baf7f45c56b16645c81a4c8ed515510fe81322371e8625758239b/grpcio-1.68.0-cp311-cp311-win32.whl", hash = "sha256:e1e7ed311afb351ff0d0e583a66fcb39675be112d61e7cfd6c8269884a98afbc", size = 3650597 },
    { url = "https://files.pythonhosted.org/packages/e4/31/120ec7132e6b82a0df91952f71aa0aa5e9f23d70152b58d96fac9b3e7cfe/grpcio-1.68.0-cp311-cp311-win_amd64.whl", hash = "sha256:e0d2f68eaa0a755edd9a47d40e50dba6df2bceda66960dee1218da81a2834d27", size = 4400445 },
    { url = "https://files.pythonhosted.org/packages/30/66/79508e13feee4182e6f2ea260ad4eea96b8b396bbf81334660142a6eecab/grpcio-1.68.0-cp312-cp312-linux_armv7l.whl", hash = "sha256:8af6137cc4ae8e421690d276e7627cfc726d4293f6607acf9ea7260bd8fc3d7d", size = 5147575 },
    { url = "https://files.pythonhosted.org/packages/41/8d/19ffe12a736f57e9860bad506c0e711dd3c9c7c9f06030cfd87fa3eb6b45/grpcio-1.68.0-cp312-cp312-macosx_10_9_universal2.whl", hash = "sha256:4028b8e9a3bff6f377698587d642e24bd221810c06579a18420a17688e421af7", size = 11126767 },
    { url = "https://files.pythonhosted.org/packages/9c/c6/9aa8178d0fa3c893531a3ef38fa65a0e9997047ded9a8a20e3aa5706f923/grpcio-1.68.0-cp312-cp312-manylinux_2_17_aarch64.whl", hash = "sha256:f60fa2adf281fd73ae3a50677572521edca34ba373a45b457b5ebe87c2d01e1d", size = 5644649 },
    { url = "https://files.pythonhosted.org/packages/36/91/e2c451a103b8b595d3e3725fc78c76242d38a96cfe22dd9a47c31faba99d/grpcio-1.68.0-cp312-cp312-manylinux_2_17_i686.manylinux2014_i686.whl", hash = "sha256:e18589e747c1e70b60fab6767ff99b2d0c359ea1db8a2cb524477f93cdbedf5b", size = 6292623 },
    { url = "https://files.pythonhosted.org/packages/0b/5f/cbb2c0dfb3f7b893b30d6daca0a7829067f302c55f20b9c470111f48e6e3/grpcio-1.68.0-cp312-cp312-manylinux_2_17_x86_64.manylinux2014_x86_64.whl", hash = "sha256:e0d30f3fee9372796f54d3100b31ee70972eaadcc87314be369360248a3dcffe", size = 5905873 },
    { url = "https://files.pythonhosted.org/packages/9d/37/ddc32a46baccac6a0a3cdcabd6908d23dfa526f061a1b81211fe029489c7/grpcio-1.68.0-cp312-cp312-musllinux_1_1_i686.whl", hash = "sha256:7e0a3e72c0e9a1acab77bef14a73a416630b7fd2cbd893c0a873edc47c42c8cd", size = 6630863 },
    { url = "https://files.pythonhosted.org/packages/45/69/4f74f67ae33be4422bd20050e09ad8b5318f8827a7eb153507de8fb78aef/grpcio-1.68.0-cp312-cp312-musllinux_1_1_x86_64.whl", hash = "sha256:a831dcc343440969aaa812004685ed322cdb526cd197112d0db303b0da1e8659", size = 6200368 },
    { url = "https://files.pythonhosted.org/packages/91/e9/25e51915cd972e8c66daf29644e653135f967d7411eccd2651fa347a6337/grpcio-1.68.0-cp312-cp312-win32.whl", hash = "sha256:5a180328e92b9a0050958ced34dddcb86fec5a8b332f5a229e353dafc16cd332", size = 3637786 },
    { url = "https://files.pythonhosted.org/packages/e2/1d/b1250907a727f08de6508d752f367e4b46d113d4eac9eb919ebd9da6a5d6/grpcio-1.68.0-cp312-cp312-win_amd64.whl", hash = "sha256:2bddd04a790b69f7a7385f6a112f46ea0b34c4746f361ebafe9ca0be567c78e9", size = 4390622 },
    { url = "https://files.pythonhosted.org/packages/fb/2d/d9cbdb75dc99141705f08474e97b181034c2e53a345d94b58e3c55f4dd92/grpcio-1.68.0-cp313-cp313-linux_armv7l.whl", hash = "sha256:fc05759ffbd7875e0ff2bd877be1438dfe97c9312bbc558c8284a9afa1d0f40e", size = 5149697 },
    { url = "https://files.pythonhosted.org/packages/6f/37/a848871a5adba8cd571fa89e8aabc40ca0c475bd78b2e645e1649b20e095/grpcio-1.68.0-cp313-cp313-macosx_10_13_universal2.whl", hash = "sha256:15fa1fe25d365a13bc6d52fcac0e3ee1f9baebdde2c9b3b2425f8a4979fccea1", size = 11084394 },
    { url = "https://files.pythonhosted.org/packages/1f/52/b09374aab9c9c2f66627ce7de39eef41d73670aa0f75286d91dcc22a2dd8/grpcio-1.68.0-cp313-cp313-manylinux_2_17_aarch64.whl", hash = "sha256:32a9cb4686eb2e89d97022ecb9e1606d132f85c444354c17a7dbde4a455e4a3b", size = 5645417 },
    { url = "https://files.pythonhosted.org/packages/01/78/ec5ad7c44d7adaf0b932fd41ce8c59a95177a8c79c947c77204600b652db/grpcio-1.68.0-cp313-cp313-manylinux_2_17_i686.manylinux2014_i686.whl", hash = "sha256:dba037ff8d284c8e7ea9a510c8ae0f5b016004f13c3648f72411c464b67ff2fb", size = 6291062 },
    { url = "https://files.pythonhosted.org/packages/f7/7f/7f5a1a8dc63a42b78ca930d195eb0c97aa7a09e8553bb3a07b7cf37f6bc1/grpcio-1.68.0-cp313-cp313-manylinux_2_17_x86_64.manylinux2014_x86_64.whl", hash = "sha256:0efbbd849867e0e569af09e165363ade75cf84f5229b2698d53cf22c7a4f9e21", size = 5906505 },
    { url = "https://files.pythonhosted.org/packages/41/7b/0b048b8ad1a09fab5f4567fba2a569fb9106c4c1bb473c009c25659542cb/grpcio-1.68.0-cp313-cp313-musllinux_1_1_i686.whl", hash = "sha256:4e300e6978df0b65cc2d100c54e097c10dfc7018b9bd890bbbf08022d47f766d", size = 6635069 },
    { url = "https://files.pythonhosted.org/packages/5e/c5/9f0ebc9cfba8309a15a9786c953ce99eaf4e1ca2df402b3c5ecf42493bd4/grpcio-1.68.0-cp313-cp313-musllinux_1_1_x86_64.whl", hash = "sha256:6f9c7ad1a23e1047f827385f4713b5b8c6c7d325705be1dd3e31fb00dcb2f665", size = 6200683 },
    { url = "https://files.pythonhosted.org/packages/ce/e1/d3eba05299d5acdae6c11d056308b885f1d1be0b328baa8233d5d139ec1d/grpcio-1.68.0-cp313-cp313-win32.whl", hash = "sha256:3ac7f10850fd0487fcce169c3c55509101c3bde2a3b454869639df2176b60a03", size = 3637301 },
    { url = "https://files.pythonhosted.org/packages/3c/c1/decb2b368a54c00a6ee815c3f610903f36432e3cb591d43369319826b05e/grpcio-1.68.0-cp313-cp313-win_amd64.whl", hash = "sha256:afbf45a62ba85a720491bfe9b2642f8761ff348006f5ef67e4622621f116b04a", size = 4390939 },
    { url = "https://files.pythonhosted.org/packages/2c/47/1b7325cccc432cf56e345acef3e40d8ecbfded39fa7b346d87ac8ef998f2/grpcio-1.68.0-cp39-cp39-linux_armv7l.whl", hash = "sha256:0d230852ba97654453d290e98d6aa61cb48fa5fafb474fb4c4298d8721809354", size = 5170790 },
    { url = "https://files.pythonhosted.org/packages/72/51/07d989aa3067127bed861115ba9e367de60d9ed5d9e39d4767d53284daf7/grpcio-1.68.0-cp39-cp39-macosx_10_9_universal2.whl", hash = "sha256:50992f214264e207e07222703c17d9cfdcc2c46ed5a1ea86843d440148ebbe10", size = 11142244 },
    { url = "https://files.pythonhosted.org/packages/1a/f9/42eb5f8fc3c106a8325092852ce4ed063c4b0b4356a0c8ce9e05082760a9/grpcio-1.68.0-cp39-cp39-manylinux_2_17_aarch64.whl", hash = "sha256:14331e5c27ed3545360464a139ed279aa09db088f6e9502e95ad4bfa852bb116", size = 5688487 },
    { url = "https://files.pythonhosted.org/packages/24/53/91fc581b67d5816c229550319ef209d26c463d50696e80dd62a01d42a37b/grpcio-1.68.0-cp39-cp39-manylinux_2_17_i686.manylinux2014_i686.whl", hash = "sha256:f84890b205692ea813653ece4ac9afa2139eae136e419231b0eec7c39fdbe4c2", size = 6316555 },
    { url = "https://files.pythonhosted.org/packages/11/39/3b80e917e2fbddf5139fb170c4d53046e4e1341652720a9c8940d59f9fa6/grpcio-1.68.0-cp39-cp39-manylinux_2_17_x86_64.manylinux2014_x86_64.whl", hash = "sha256:b0cf343c6f4f6aa44863e13ec9ddfe299e0be68f87d68e777328bff785897b05", size = 5941434 },
    { url = "https://files.pythonhosted.org/packages/68/db/bc9fd0d7848b052d4d42b5ccc2f168634c792226455ae49fde03f62f2bd8/grpcio-1.68.0-cp39-cp39-musllinux_1_1_i686.whl", hash = "sha256:fd2c2d47969daa0e27eadaf15c13b5e92605c5e5953d23c06d0b5239a2f176d3", size = 6647866 },
    { url = "https://files.pythonhosted.org/packages/75/ad/233a8b8bd3df306538759dbce1194cb28056376073e03b7429812fd8b2fc/grpcio-1.68.0-cp39-cp39-musllinux_1_1_x86_64.whl", hash = "sha256:18668e36e7f4045820f069997834e94e8275910b1f03e078a6020bd464cb2363", size = 6212454 },
    { url = "https://files.pythonhosted.org/packages/22/fd/9cfac0a9ad2ff04b4ae00aa52058d4c9bf5c4acc559f1d167fb7d868ebe1/grpcio-1.68.0-cp39-cp39-win32.whl", hash = "sha256:2af76ab7c427aaa26aa9187c3e3c42f38d3771f91a20f99657d992afada2294a", size = 3649767 },
    { url = "https://files.pythonhosted.org/packages/40/dc/bae7fb6d0009a38a0ba623e10f55b6512d3a89a02f31f7670449e33fd8fc/grpcio-1.68.0-cp39-cp39-win_amd64.whl", hash = "sha256:e694b5928b7b33ca2d3b4d5f9bf8b5888906f181daff6b406f4938f3a997a490", size = 4399009 },
]

[[package]]
name = "grpcio-tools"
version = "1.68.0"
source = { registry = "https://pypi.org/simple" }
dependencies = [
    { name = "grpcio" },
    { name = "protobuf" },
    { name = "setuptools" },
]
sdist = { url = "https://files.pythonhosted.org/packages/81/40/47299f96fc21b9cd448cbebcbf174b1bedeaa1f82a1e7d4ed144d084d002/grpcio_tools-1.68.0.tar.gz", hash = "sha256:737804ec2225dd4cc27e633b4ca0e963b0795161bf678285fab6586e917fd867", size = 5275538 }
wheels = [
    { url = "https://files.pythonhosted.org/packages/6e/46/5cb9cf31c6af41517e41438bfc81ca385eb02ec1c8d0187593212e3e2fd0/grpcio_tools-1.68.0-cp310-cp310-linux_armv7l.whl", hash = "sha256:9509a5c3ed3d54fa7ac20748d501cb86668f764605a0a68f275339ee0f1dc1a6", size = 2342737 },
    { url = "https://files.pythonhosted.org/packages/f4/81/224f910ff994d67ed51e40d3f2078473a83b5ddced192ddf5283ee8b1b88/grpcio_tools-1.68.0-cp310-cp310-macosx_12_0_universal2.whl", hash = "sha256:59a885091bf29700ba0e14a954d156a18714caaa2006a7f328b18e1ac4b1e721", size = 5556563 },
    { url = "https://files.pythonhosted.org/packages/af/e1/44d45e385149b5daf96cc4bd7865f0d38f6830caf3eb8ba50ce4d4323216/grpcio_tools-1.68.0-cp310-cp310-manylinux_2_17_aarch64.whl", hash = "sha256:d3e678162e1d7a8720dc05fdd537fc8df082a50831791f7bb1c6f90095f8368b", size = 2306482 },
    { url = "https://files.pythonhosted.org/packages/9a/7d/f0fc68a081443dc8aa402d21935995c6fd1a84d05466c928a991320e4085/grpcio_tools-1.68.0-cp310-cp310-manylinux_2_17_i686.manylinux2014_i686.whl", hash = "sha256:10d03e3ad4af6284fd27cb14f5a3d52045913c1253e3e24a384ed91bc8adbfcd", size = 2679636 },
    { url = "https://files.pythonhosted.org/packages/d8/e1/6a8c3bf5573cecd99e28f5e5f5405033dceeafe994eaed820bc1616117f4/grpcio_tools-1.68.0-cp310-cp310-manylinux_2_17_x86_64.manylinux2014_x86_64.whl", hash = "sha256:1769d7f529de1cc102f7fb900611e3c0b69bdb244fca1075b24d6e5b49024586", size = 2425828 },
    { url = "https://files.pythonhosted.org/packages/51/b7/ceba85990242ebf7bf1f8eb49a98b500577dd2001a6df4ad4cf9f4f84022/grpcio_tools-1.68.0-cp310-cp310-musllinux_1_1_i686.whl", hash = "sha256:88640d95ee41921ac7352fa5fadca52a06d7e21fbe53e6a706a9a494f756be7d", size = 3289540 },
    { url = "https://files.pythonhosted.org/packages/09/0b/1e5c737508a4cf876205b804367d31b1e1bb7ab403f2f0b92677dbe1170f/grpcio_tools-1.68.0-cp310-cp310-musllinux_1_1_x86_64.whl", hash = "sha256:e903d07bc65232aa9e7704c829aec263e1e139442608e473d7912417a9908e29", size = 2903794 },
    { url = "https://files.pythonhosted.org/packages/69/30/27463dff3ed2a99e7b911e445fdf9e553283c190d698915ba4d983d0a4cd/grpcio_tools-1.68.0-cp310-cp310-win32.whl", hash = "sha256:66b70b37184d40806844f51c2757c6b852511d4ea46a3bf2c7e931a47b455bc6", size = 946371 },
    { url = "https://files.pythonhosted.org/packages/0b/9b/1fc28aa64c990d3fa503c4516cb52fbce34c6c9956df85400a5f6e39e9af/grpcio_tools-1.68.0-cp310-cp310-win_amd64.whl", hash = "sha256:b47ae076ffb29a68e517bc03552bef0d9c973f8e18adadff180b123e973a26ea", size = 1097477 },
    { url = "https://files.pythonhosted.org/packages/f7/60/80a141ab5e3a747f400ba585be9b690e00a232167bf6909fccaedde17bab/grpcio_tools-1.68.0-cp311-cp311-linux_armv7l.whl", hash = "sha256:f65942fab440e99113ce14436deace7554d5aa554ea18358e3a5f3fc47efe322", size = 2342417 },
    { url = "https://files.pythonhosted.org/packages/c4/a2/78a4c5c3e3ae3bd209519da5a4fc6669a5f3d06423d466028d01e7fbbbce/grpcio_tools-1.68.0-cp311-cp311-macosx_10_9_universal2.whl", hash = "sha256:8fefc6d000e169a97336feded23ce614df3fb9926fc48c7a9ff8ea459d93b5b0", size = 5587871 },
    { url = "https://files.pythonhosted.org/packages/74/58/9da5fd8840d13389805bf52c347e6405665380244c01b26fb5580b743749/grpcio_tools-1.68.0-cp311-cp311-manylinux_2_17_aarch64.whl", hash = "sha256:6dd69c9f3ff85eee8d1f71adf7023c638ca8d465633244ac1b7f19bc3668612d", size = 2306367 },
    { url = "https://files.pythonhosted.org/packages/2c/85/3fdd9bc501a6c0f251bda233fec114a115c82603b6535373a5e74c77400c/grpcio_tools-1.68.0-cp311-cp311-manylinux_2_17_i686.manylinux2014_i686.whl", hash = "sha256:7dc5195dc02057668cc22da1ff1aea1811f6fa0deb801b3194dec1fe0bab1cf0", size = 2679524 },
    { url = "https://files.pythonhosted.org/packages/da/21/f2ed730aa8a5e8f4ab7500d4863c6b2a1cbb33beaff717a01ddacff995db/grpcio_tools-1.68.0-cp311-cp311-manylinux_2_17_x86_64.manylinux2014_x86_64.whl", hash = "sha256:849b12bec2320e49e988df104c92217d533e01febac172a4495caab36d9f0edc", size = 2425894 },
    { url = "https://files.pythonhosted.org/packages/58/c4/0bd72a59192cdb6c595c7dd72f3d48eccb5017be625459427dd798e3a381/grpcio_tools-1.68.0-cp311-cp311-musllinux_1_1_i686.whl", hash = "sha256:766c2cd2e365e0fc0e559af56f2c2d144d95fd7cb8668a34d533e66d6435eb34", size = 3288925 },
    { url = "https://files.pythonhosted.org/packages/81/c5/ee3d0e45d24c716449b4d84485f7ea39f4a8e670717270fc2bee55b0b21b/grpcio_tools-1.68.0-cp311-cp311-musllinux_1_1_x86_64.whl", hash = "sha256:2ec3a2e0afa4866ccc5ba33c071aebaa619245dfdd840cbb74f2b0591868d085", size = 2903913 },
    { url = "https://files.pythonhosted.org/packages/13/7f/85e1ac0a4c4d23a89d6d569f516b39f5a0467b6069fe967382ede41341d2/grpcio_tools-1.68.0-cp311-cp311-win32.whl", hash = "sha256:80b733014eb40d920d836d782e5cdea0dcc90d251a2ffb35ab378ef4f8a42c14", size = 946129 },
    { url = "https://files.pythonhosted.org/packages/48/64/591a4fe11fabc4c43780921b3e72233462810b893240f447cea0dec953ce/grpcio_tools-1.68.0-cp311-cp311-win_amd64.whl", hash = "sha256:f95103e3e4e7fee7c6123bc9e4e925e07ad24d8d09d7c1c916fb6c8d1cb9e726", size = 1097286 },
    { url = "https://files.pythonhosted.org/packages/b1/da/986224ace81c96a693f0e972b7cb330af06625dc57849aff9dcc95c98afa/grpcio_tools-1.68.0-cp312-cp312-linux_armv7l.whl", hash = "sha256:dd9a654af8536b3de8525bff72a245fef62d572eabf96ac946fe850e707cb27d", size = 2342316 },
    { url = "https://files.pythonhosted.org/packages/8e/55/25a9a8e47d0b7f0551309bb9af641f04d076e2995e10866b5e08d0d73628/grpcio_tools-1.68.0-cp312-cp312-macosx_10_9_universal2.whl", hash = "sha256:0f77957e3a0916a0dd18d57ce6b49d95fc9a5cfed92310f226339c0fda5394f6", size = 5585973 },
    { url = "https://files.pythonhosted.org/packages/a5/db/518695c93b86db44eef2445c245b51f8d3c7413cb22941b4ce5fc0377dc7/grpcio_tools-1.68.0-cp312-cp312-manylinux_2_17_aarch64.whl", hash = "sha256:92a09afe64fe26696595de2036e10967876d26b12c894cc9160f00152cacebe7", size = 2306181 },
    { url = "https://files.pythonhosted.org/packages/e8/18/8e395bea3f1ea1da49ca99685e670ec21251e8b6a6d37ced266109b33c32/grpcio_tools-1.68.0-cp312-cp312-manylinux_2_17_i686.manylinux2014_i686.whl", hash = "sha256:28ebdbad2ef16699d07400b65260240851049a75502eff69a59b127d3ab960f1", size = 2679660 },
    { url = "https://files.pythonhosted.org/packages/e5/f8/7b0bc247c3607c5a3a5f09c81d37b887f684cb3863837eaeacc24835a951/grpcio_tools-1.68.0-cp312-cp312-manylinux_2_17_x86_64.manylinux2014_x86_64.whl", hash = "sha256:5d3150d784d8050b10dcf5eb06e04fb90747a1547fed3a062a608d940fe57066", size = 2425466 },
    { url = "https://files.pythonhosted.org/packages/64/6a/91f8948b34c245b06ed738a49e0f29948168ecca967aee653f70cd8e9009/grpcio_tools-1.68.0-cp312-cp312-musllinux_1_1_i686.whl", hash = "sha256:261d98fd635595de42aadee848f9af46da6654d63791c888891e94f66c5d0682", size = 3289408 },
    { url = "https://files.pythonhosted.org/packages/97/d7/5ff90d41e8036cbcac4c2b4f53d303b778d23f74a3dbb40c625fc0f3e475/grpcio_tools-1.68.0-cp312-cp312-musllinux_1_1_x86_64.whl", hash = "sha256:061345c0079b9471f32230186ab01acb908ea0e577bc1699a8cf47acef8be4af", size = 2903935 },
    { url = "https://files.pythonhosted.org/packages/e1/26/c360f9ce0a0a49f375f2c487ba91daeb85e519ea6e1f9eed04781faabb12/grpcio_tools-1.68.0-cp312-cp312-win32.whl", hash = "sha256:533ce6791a5ba21e35d74c6c25caf4776f5692785a170c01ea1153783ad5af31", size = 946040 },
    { url = "https://files.pythonhosted.org/packages/13/96/dbc239492dac0abad04de84578a068b72f3bdff4c5afbc38a9587738b2ef/grpcio_tools-1.68.0-cp312-cp312-win_amd64.whl", hash = "sha256:56842a0ce74b4b92eb62cd5ee00181b2d3acc58ba0c4fd20d15a5db51f891ba6", size = 1096722 },
    { url = "https://files.pythonhosted.org/packages/29/63/ccdcb96d0f3a473b457f9b1cc78adb0f1226d7fed6cfffbbdeeb3ce88fbb/grpcio_tools-1.68.0-cp313-cp313-linux_armv7l.whl", hash = "sha256:1117a81592542f0c36575082daa6413c57ca39188b18a4c50ec7332616f4b97e", size = 2342127 },
    { url = "https://files.pythonhosted.org/packages/4d/28/1bbc4cd976f518bd45c1c1ec0d1d0a3db35adcdaf5245cbaaa95c2fdf548/grpcio_tools-1.68.0-cp313-cp313-macosx_10_13_universal2.whl", hash = "sha256:51e5a090849b30c99a2396d42140b8a3e558eff6cdfa12603f9582e2cd07724e", size = 5573889 },
    { url = "https://files.pythonhosted.org/packages/77/80/2ccdf2fd60b5ab822ff800c315afd5cbaf9368a58882b802cb64865740bb/grpcio_tools-1.68.0-cp313-cp313-manylinux_2_17_aarch64.whl", hash = "sha256:4fe611d89a1836df8936f066d39c7eb03d4241806449ec45d4b8e1c843ae8011", size = 2305568 },
    { url = "https://files.pythonhosted.org/packages/1a/9c/3b8e73b8e60aaacda101a4adfdec837e60a03a1dbf54c7b80f85ceff0c9c/grpcio_tools-1.68.0-cp313-cp313-manylinux_2_17_i686.manylinux2014_i686.whl", hash = "sha256:c10f3faa0cc4d89eb546f53b623837af23e86dc495d3b89510bcc0e0a6c0b8b2", size = 2678660 },
    { url = "https://files.pythonhosted.org/packages/ed/95/19a545674b81ad8b8783807a125f8b51210c29ab0cea6e79a2d21c0077c1/grpcio_tools-1.68.0-cp313-cp313-manylinux_2_17_x86_64.manylinux2014_x86_64.whl", hash = "sha256:46b537480b8fd2195d988120a28467601a2a3de2e504043b89fb90318e1eb754", size = 2425008 },
    { url = "https://files.pythonhosted.org/packages/00/c7/9da961471f7ec6f3d437e2bf91fec0247315c0f1151e2412e6d08852f3d4/grpcio_tools-1.68.0-cp313-cp313-musllinux_1_1_i686.whl", hash = "sha256:17d0c9004ea82b4213955a585401e80c30d4b37a1d4ace32ccdea8db4d3b7d43", size = 3288874 },
    { url = "https://files.pythonhosted.org/packages/f8/22/2147b3c104cba9dda2a28a375f88b27d86fd5f25e249d8e8547ca0ea04ef/grpcio_tools-1.68.0-cp313-cp313-musllinux_1_1_x86_64.whl", hash = "sha256:2919faae04fe47bad57fc9b578aeaab527da260e851f321a253b6b11862254a8", size = 2903220 },
    { url = "https://files.pythonhosted.org/packages/d7/d8/c9e8bd2bf3128608e14bb28266a0d587ebca8bfd8279b956da1f0f939270/grpcio_tools-1.68.0-cp313-cp313-win32.whl", hash = "sha256:ee86157ef899f58ba2fe1055cce0d33bd703e99aa6d5a0895581ac3969f06bfa", size = 945292 },
    { url = "https://files.pythonhosted.org/packages/f1/0d/99bd17898a923d40869a54f80bd79ff1013ef9c014d778c7750aa4493809/grpcio_tools-1.68.0-cp313-cp313-win_amd64.whl", hash = "sha256:d0470ffc6a93c86cdda48edd428d22e2fef17d854788d60d0d5f291038873157", size = 1096010 },
    { url = "https://files.pythonhosted.org/packages/8f/c5/86bd2f32d66c8364552cb3c8f7ddc2bafaf9334ff64c9a987f2c4f9ff8db/grpcio_tools-1.68.0-cp39-cp39-linux_armv7l.whl", hash = "sha256:01ace351a51d7ee120963a4612b1f00e964462ec548db20d17f8902e238592c8", size = 2342647 },
    { url = "https://files.pythonhosted.org/packages/3f/63/23fd9a044b3aa10734c688a077eeb6514622a630cdcf1ad59510924fbe99/grpcio_tools-1.68.0-cp39-cp39-macosx_10_9_universal2.whl", hash = "sha256:5afd2f3f7257b52228a7808a2b4a765893d4d802d7a2377d9284853e67d045c6", size = 5587971 },
    { url = "https://files.pythonhosted.org/packages/9f/89/2ad3445190fb670e55526d54112ed0a891c9330bcc09943a55a440066329/grpcio_tools-1.68.0-cp39-cp39-manylinux_2_17_aarch64.whl", hash = "sha256:453ee3193d59c974c678d91f08786f43c25ef753651b0825dc3d008c31baf68d", size = 2306364 },
    { url = "https://files.pythonhosted.org/packages/ff/a9/b16f547b3df7439a36960ef3223fac344dd194c2b97792d7655e2c2435cd/grpcio_tools-1.68.0-cp39-cp39-manylinux_2_17_i686.manylinux2014_i686.whl", hash = "sha256:b094b22919b786ad73c20372ef5e546330e7cd2c6dc12293b7ed586975f35d38", size = 2679790 },
    { url = "https://files.pythonhosted.org/packages/1d/07/d1bc5bf19fe13fd4d927ee6141d421790d0fc43be06e19524b50d05e8efb/grpcio_tools-1.68.0-cp39-cp39-manylinux_2_17_x86_64.manylinux2014_x86_64.whl", hash = "sha256:26335eea976dfc1ff5d90b19c309a9425bd53868112a0507ad20f297f2c21d3e", size = 2425757 },
    { url = "https://files.pythonhosted.org/packages/19/22/200a1d5f325ef545654b2c10f9431e8b1e9187775748e28172849ddfc051/grpcio_tools-1.68.0-cp39-cp39-musllinux_1_1_i686.whl", hash = "sha256:c77ecc5164bb413a613bdac9091dcc29d26834a2ac42fcd1afdfcda9e3003e68", size = 3289439 },
    { url = "https://files.pythonhosted.org/packages/c6/5b/5fc8f618d6a8ef0417aa27afcf45f810075a80a4cc0dcdcbbaeb25d19b58/grpcio_tools-1.68.0-cp39-cp39-musllinux_1_1_x86_64.whl", hash = "sha256:e31be6dc61496a59c1079b0a669f93dfcc2cdc4b1dbdc4374247cd09cee1329b", size = 2903802 },
    { url = "https://files.pythonhosted.org/packages/7c/09/f7d4db286863e1683f620713b7369cf5f2e273e5ad374a22985c64da5efc/grpcio_tools-1.68.0-cp39-cp39-win32.whl", hash = "sha256:3aa40958355920ae2846c6fb5cadac4f2c8e33234a2982fef8101da0990e3968", size = 946366 },
    { url = "https://files.pythonhosted.org/packages/65/60/36f27b0ae314f70bb49ff40d7675099a7784cd03ef99a8d4bdebc4af805f/grpcio_tools-1.68.0-cp39-cp39-win_amd64.whl", hash = "sha256:19bafb80948eda979b1b3a63c1567162d06249f43068a0e46a028a448e6f72d4", size = 1097636 },
]

[[package]]
name = "mypy"
version = "1.13.0"
source = { registry = "https://pypi.org/simple" }
dependencies = [
    { name = "mypy-extensions" },
    { name = "tomli", marker = "python_full_version < '3.11'" },
    { name = "typing-extensions" },
]
sdist = { url = "https://files.pythonhosted.org/packages/e8/21/7e9e523537991d145ab8a0a2fd98548d67646dc2aaaf6091c31ad883e7c1/mypy-1.13.0.tar.gz", hash = "sha256:0291a61b6fbf3e6673e3405cfcc0e7650bebc7939659fdca2702958038bd835e", size = 3152532 }
wheels = [
    { url = "https://files.pythonhosted.org/packages/5e/8c/206de95a27722b5b5a8c85ba3100467bd86299d92a4f71c6b9aa448bfa2f/mypy-1.13.0-cp310-cp310-macosx_10_9_x86_64.whl", hash = "sha256:6607e0f1dd1fb7f0aca14d936d13fd19eba5e17e1cd2a14f808fa5f8f6d8f60a", size = 11020731 },
    { url = "https://files.pythonhosted.org/packages/ab/bb/b31695a29eea76b1569fd28b4ab141a1adc9842edde080d1e8e1776862c7/mypy-1.13.0-cp310-cp310-macosx_11_0_arm64.whl", hash = "sha256:8a21be69bd26fa81b1f80a61ee7ab05b076c674d9b18fb56239d72e21d9f4c80", size = 10184276 },
    { url = "https://files.pythonhosted.org/packages/a5/2d/4a23849729bb27934a0e079c9c1aad912167d875c7b070382a408d459651/mypy-1.13.0-cp310-cp310-manylinux_2_17_x86_64.manylinux2014_x86_64.manylinux_2_28_x86_64.whl", hash = "sha256:7b2353a44d2179846a096e25691d54d59904559f4232519d420d64da6828a3a7", size = 12587706 },
    { url = "https://files.pythonhosted.org/packages/5c/c3/d318e38ada50255e22e23353a469c791379825240e71b0ad03e76ca07ae6/mypy-1.13.0-cp310-cp310-musllinux_1_1_x86_64.whl", hash = "sha256:0730d1c6a2739d4511dc4253f8274cdd140c55c32dfb0a4cf8b7a43f40abfa6f", size = 13105586 },
    { url = "https://files.pythonhosted.org/packages/4a/25/3918bc64952370c3dbdbd8c82c363804678127815febd2925b7273d9482c/mypy-1.13.0-cp310-cp310-win_amd64.whl", hash = "sha256:c5fc54dbb712ff5e5a0fca797e6e0aa25726c7e72c6a5850cfd2adbc1eb0a372", size = 9632318 },
    { url = "https://files.pythonhosted.org/packages/d0/19/de0822609e5b93d02579075248c7aa6ceaddcea92f00bf4ea8e4c22e3598/mypy-1.13.0-cp311-cp311-macosx_10_9_x86_64.whl", hash = "sha256:581665e6f3a8a9078f28d5502f4c334c0c8d802ef55ea0e7276a6e409bc0d82d", size = 10939027 },
    { url = "https://files.pythonhosted.org/packages/c8/71/6950fcc6ca84179137e4cbf7cf41e6b68b4a339a1f5d3e954f8c34e02d66/mypy-1.13.0-cp311-cp311-macosx_11_0_arm64.whl", hash = "sha256:3ddb5b9bf82e05cc9a627e84707b528e5c7caaa1c55c69e175abb15a761cec2d", size = 10108699 },
    { url = "https://files.pythonhosted.org/packages/26/50/29d3e7dd166e74dc13d46050b23f7d6d7533acf48f5217663a3719db024e/mypy-1.13.0-cp311-cp311-manylinux_2_17_x86_64.manylinux2014_x86_64.manylinux_2_28_x86_64.whl", hash = "sha256:20c7ee0bc0d5a9595c46f38beb04201f2620065a93755704e141fcac9f59db2b", size = 12506263 },
    { url = "https://files.pythonhosted.org/packages/3f/1d/676e76f07f7d5ddcd4227af3938a9c9640f293b7d8a44dd4ff41d4db25c1/mypy-1.13.0-cp311-cp311-musllinux_1_1_x86_64.whl", hash = "sha256:3790ded76f0b34bc9c8ba4def8f919dd6a46db0f5a6610fb994fe8efdd447f73", size = 12984688 },
    { url = "https://files.pythonhosted.org/packages/9c/03/5a85a30ae5407b1d28fab51bd3e2103e52ad0918d1e68f02a7778669a307/mypy-1.13.0-cp311-cp311-win_amd64.whl", hash = "sha256:51f869f4b6b538229c1d1bcc1dd7d119817206e2bc54e8e374b3dfa202defcca", size = 9626811 },
    { url = "https://files.pythonhosted.org/packages/fb/31/c526a7bd2e5c710ae47717c7a5f53f616db6d9097caf48ad650581e81748/mypy-1.13.0-cp312-cp312-macosx_10_13_x86_64.whl", hash = "sha256:5c7051a3461ae84dfb5dd15eff5094640c61c5f22257c8b766794e6dd85e72d5", size = 11077900 },
    { url = "https://files.pythonhosted.org/packages/83/67/b7419c6b503679d10bd26fc67529bc6a1f7a5f220bbb9f292dc10d33352f/mypy-1.13.0-cp312-cp312-macosx_11_0_arm64.whl", hash = "sha256:39bb21c69a5d6342f4ce526e4584bc5c197fd20a60d14a8624d8743fffb9472e", size = 10074818 },
    { url = "https://files.pythonhosted.org/packages/ba/07/37d67048786ae84e6612575e173d713c9a05d0ae495dde1e68d972207d98/mypy-1.13.0-cp312-cp312-manylinux_2_17_x86_64.manylinux2014_x86_64.manylinux_2_28_x86_64.whl", hash = "sha256:164f28cb9d6367439031f4c81e84d3ccaa1e19232d9d05d37cb0bd880d3f93c2", size = 12589275 },
    { url = "https://files.pythonhosted.org/packages/1f/17/b1018c6bb3e9f1ce3956722b3bf91bff86c1cefccca71cec05eae49d6d41/mypy-1.13.0-cp312-cp312-musllinux_1_1_x86_64.whl", hash = "sha256:a4c1bfcdbce96ff5d96fc9b08e3831acb30dc44ab02671eca5953eadad07d6d0", size = 13037783 },
    { url = "https://files.pythonhosted.org/packages/cb/32/cd540755579e54a88099aee0287086d996f5a24281a673f78a0e14dba150/mypy-1.13.0-cp312-cp312-win_amd64.whl", hash = "sha256:a0affb3a79a256b4183ba09811e3577c5163ed06685e4d4b46429a271ba174d2", size = 9726197 },
    { url = "https://files.pythonhosted.org/packages/11/bb/ab4cfdc562cad80418f077d8be9b4491ee4fb257440da951b85cbb0a639e/mypy-1.13.0-cp313-cp313-macosx_10_13_x86_64.whl", hash = "sha256:a7b44178c9760ce1a43f544e595d35ed61ac2c3de306599fa59b38a6048e1aa7", size = 11069721 },
    { url = "https://files.pythonhosted.org/packages/59/3b/a393b1607cb749ea2c621def5ba8c58308ff05e30d9dbdc7c15028bca111/mypy-1.13.0-cp313-cp313-macosx_11_0_arm64.whl", hash = "sha256:5d5092efb8516d08440e36626f0153b5006d4088c1d663d88bf79625af3d1d62", size = 10063996 },
    { url = "https://files.pythonhosted.org/packages/d1/1f/6b76be289a5a521bb1caedc1f08e76ff17ab59061007f201a8a18cc514d1/mypy-1.13.0-cp313-cp313-manylinux_2_17_x86_64.manylinux2014_x86_64.manylinux_2_28_x86_64.whl", hash = "sha256:de2904956dac40ced10931ac967ae63c5089bd498542194b436eb097a9f77bc8", size = 12584043 },
    { url = "https://files.pythonhosted.org/packages/a6/83/5a85c9a5976c6f96e3a5a7591aa28b4a6ca3a07e9e5ba0cec090c8b596d6/mypy-1.13.0-cp313-cp313-musllinux_1_1_x86_64.whl", hash = "sha256:7bfd8836970d33c2105562650656b6846149374dc8ed77d98424b40b09340ba7", size = 13036996 },
    { url = "https://files.pythonhosted.org/packages/b4/59/c39a6f752f1f893fccbcf1bdd2aca67c79c842402b5283563d006a67cf76/mypy-1.13.0-cp313-cp313-win_amd64.whl", hash = "sha256:9f73dba9ec77acb86457a8fc04b5239822df0c14a082564737833d2963677dbc", size = 9737709 },
    { url = "https://files.pythonhosted.org/packages/5f/d4/b33ddd40dad230efb317898a2d1c267c04edba73bc5086bf77edeb410fb2/mypy-1.13.0-cp39-cp39-macosx_10_9_x86_64.whl", hash = "sha256:0246bcb1b5de7f08f2826451abd947bf656945209b140d16ed317f65a17dc7dc", size = 11013906 },
    { url = "https://files.pythonhosted.org/packages/f4/e6/f414bca465b44d01cd5f4a82761e15044bedd1bf8025c5af3cc64518fac5/mypy-1.13.0-cp39-cp39-macosx_11_0_arm64.whl", hash = "sha256:7f5b7deae912cf8b77e990b9280f170381fdfbddf61b4ef80927edd813163732", size = 10180657 },
    { url = "https://files.pythonhosted.org/packages/38/e9/fc3865e417722f98d58409770be01afb961e2c1f99930659ff4ae7ca8b7e/mypy-1.13.0-cp39-cp39-manylinux_2_17_x86_64.manylinux2014_x86_64.manylinux_2_28_x86_64.whl", hash = "sha256:7029881ec6ffb8bc233a4fa364736789582c738217b133f1b55967115288a2bc", size = 12586394 },
    { url = "https://files.pythonhosted.org/packages/2e/35/f4d8b6d2cb0b3dad63e96caf159419dda023f45a358c6c9ac582ccaee354/mypy-1.13.0-cp39-cp39-musllinux_1_1_x86_64.whl", hash = "sha256:3e38b980e5681f28f033f3be86b099a247b13c491f14bb8b1e1e134d23bb599d", size = 13103591 },
    { url = "https://files.pythonhosted.org/packages/22/1d/80594aef135f921dd52e142fa0acd19df197690bd0cde42cea7b88cf5aa2/mypy-1.13.0-cp39-cp39-win_amd64.whl", hash = "sha256:a6789be98a2017c912ae6ccb77ea553bbaf13d27605d2ca20a76dfbced631b24", size = 9634690 },
    { url = "https://files.pythonhosted.org/packages/3b/86/72ce7f57431d87a7ff17d442f521146a6585019eb8f4f31b7c02801f78ad/mypy-1.13.0-py3-none-any.whl", hash = "sha256:9c250883f9fd81d212e0952c92dbfcc96fc237f4b7c92f56ac81fd48460b3e5a", size = 2647043 },
]

[[package]]
name = "mypy-extensions"
version = "1.0.0"
source = { registry = "https://pypi.org/simple" }
sdist = { url = "https://files.pythonhosted.org/packages/98/a4/1ab47638b92648243faf97a5aeb6ea83059cc3624972ab6b8d2316078d3f/mypy_extensions-1.0.0.tar.gz", hash = "sha256:75dbf8955dc00442a438fc4d0666508a9a97b6bd41aa2f0ffe9d2f2725af0782", size = 4433 }
wheels = [
    { url = "https://files.pythonhosted.org/packages/2a/e2/5d3f6ada4297caebe1a2add3b126fe800c96f56dbe5d1988a2cbe0b267aa/mypy_extensions-1.0.0-py3-none-any.whl", hash = "sha256:4392f6c0eb8a5668a69e23d168ffa70f0be9ccfd32b5cc2d26a34ae5b844552d", size = 4695 },
]

[[package]]
name = "mypy-protobuf"
version = "3.6.0"
source = { registry = "https://pypi.org/simple" }
dependencies = [
    { name = "protobuf" },
    { name = "types-protobuf" },
]
sdist = { url = "https://files.pythonhosted.org/packages/4d/6f/282d64d66bf48ce60e38a6560753f784e0f88ab245ac2fb5e93f701a36cd/mypy-protobuf-3.6.0.tar.gz", hash = "sha256:02f242eb3409f66889f2b1a3aa58356ec4d909cdd0f93115622e9e70366eca3c", size = 24445 }
wheels = [
    { url = "https://files.pythonhosted.org/packages/e8/73/d6b999782ae22f16971cc05378b3b33f6a89ede3b9619e8366aa23484bca/mypy_protobuf-3.6.0-py3-none-any.whl", hash = "sha256:56176e4d569070e7350ea620262478b49b7efceba4103d468448f1d21492fd6c", size = 16434 },
]

[[package]]
name = "protobuf"
version = "5.28.3"
source = { registry = "https://pypi.org/simple" }
sdist = { url = "https://files.pythonhosted.org/packages/74/6e/e69eb906fddcb38f8530a12f4b410699972ab7ced4e21524ece9d546ac27/protobuf-5.28.3.tar.gz", hash = "sha256:64badbc49180a5e401f373f9ce7ab1d18b63f7dd4a9cdc43c92b9f0b481cef7b", size = 422479 }
wheels = [
    { url = "https://files.pythonhosted.org/packages/d1/c5/05163fad52d7c43e124a545f1372d18266db36036377ad29de4271134a6a/protobuf-5.28.3-cp310-abi3-win32.whl", hash = "sha256:0c4eec6f987338617072592b97943fdbe30d019c56126493111cf24344c1cc24", size = 419624 },
    { url = "https://files.pythonhosted.org/packages/9c/4c/4563ebe001ff30dca9d7ed12e471fa098d9759712980cde1fd03a3a44fb7/protobuf-5.28.3-cp310-abi3-win_amd64.whl", hash = "sha256:91fba8f445723fcf400fdbe9ca796b19d3b1242cd873907979b9ed71e4afe868", size = 431464 },
    { url = "https://files.pythonhosted.org/packages/1c/f2/baf397f3dd1d3e4af7e3f5a0382b868d25ac068eefe1ebde05132333436c/protobuf-5.28.3-cp38-abi3-macosx_10_9_universal2.whl", hash = "sha256:a3f6857551e53ce35e60b403b8a27b0295f7d6eb63d10484f12bc6879c715687", size = 414743 },
    { url = "https://files.pythonhosted.org/packages/85/50/cd61a358ba1601f40e7d38bcfba22e053f40ef2c50d55b55926aecc8fec7/protobuf-5.28.3-cp38-abi3-manylinux2014_aarch64.whl", hash = "sha256:3fa2de6b8b29d12c61911505d893afe7320ce7ccba4df913e2971461fa36d584", size = 316511 },
    { url = "https://files.pythonhosted.org/packages/5d/ae/3257b09328c0b4e59535e497b0c7537d4954038bdd53a2f0d2f49d15a7c4/protobuf-5.28.3-cp38-abi3-manylinux2014_x86_64.whl", hash = "sha256:712319fbdddb46f21abb66cd33cb9e491a5763b2febd8f228251add221981135", size = 316624 },
    { url = "https://files.pythonhosted.org/packages/57/b5/ee3d918f536168def73b3f49edeba065429ab3a7e7b033d33e69c46ddff9/protobuf-5.28.3-cp39-cp39-win32.whl", hash = "sha256:135658402f71bbd49500322c0f736145731b16fc79dc8f367ab544a17eab4535", size = 419648 },
    { url = "https://files.pythonhosted.org/packages/53/54/e1bdf6f1d29828ddb6aca0a83bf208ab1d5f88126f34e17e487b2cd20d93/protobuf-5.28.3-cp39-cp39-win_amd64.whl", hash = "sha256:70585a70fc2dd4818c51287ceef5bdba6387f88a578c86d47bb34669b5552c36", size = 431591 },
    { url = "https://files.pythonhosted.org/packages/ad/c3/2377c159e28ea89a91cf1ca223f827ae8deccb2c9c401e5ca233cd73002f/protobuf-5.28.3-py3-none-any.whl", hash = "sha256:cee1757663fa32a1ee673434fcf3bf24dd54763c79690201208bafec62f19eed", size = 169511 },
]

[[package]]
name = "setuptools"
version = "75.6.0"
source = { registry = "https://pypi.org/simple" }
sdist = { url = "https://files.pythonhosted.org/packages/43/54/292f26c208734e9a7f067aea4a7e282c080750c4546559b58e2e45413ca0/setuptools-75.6.0.tar.gz", hash = "sha256:8199222558df7c86216af4f84c30e9b34a61d8ba19366cc914424cdbd28252f6", size = 1337429 }
wheels = [
    { url = "https://files.pythonhosted.org/packages/55/21/47d163f615df1d30c094f6c8bbb353619274edccf0327b185cc2493c2c33/setuptools-75.6.0-py3-none-any.whl", hash = "sha256:ce74b49e8f7110f9bf04883b730f4765b774ef3ef28f722cce7c273d253aaf7d", size = 1224032 },
]

[[package]]
name = "spicedb-protobuf"
version = "1.38.0.post15.dev0+5f90237"
source = { editable = "." }
dependencies = [
    { name = "grpcio" },
    { name = "protobuf" },
    { name = "typing-extensions" },
]

[package.dev-dependencies]
dev = [
    { name = "grpc-stubs" },
    { name = "grpcio-tools" },
    { name = "mypy" },
    { name = "mypy-protobuf" },
    { name = "types-protobuf" },
]

[package.metadata]
requires-dist = [
    { name = "grpcio", specifier = "==1.68" },
    { name = "protobuf", specifier = "==5.28.3" },
    { name = "typing-extensions", specifier = "==4.12.2" },
]

[package.metadata.requires-dev]
dev = [
    { name = "grpc-stubs", specifier = "==1.53.0.5" },
    { name = "grpcio-tools", specifier = "==1.68.0" },
    { name = "mypy", specifier = "==1.13.0" },
    { name = "mypy-protobuf", specifier = "==3.6.0" },
    { name = "types-protobuf", specifier = "==5.28.3.20241030" },
]

[[package]]
name = "tomli"
version = "2.1.0"
source = { registry = "https://pypi.org/simple" }
sdist = { url = "https://files.pythonhosted.org/packages/1e/e4/1b6cbcc82d8832dd0ce34767d5c560df8a3547ad8cbc427f34601415930a/tomli-2.1.0.tar.gz", hash = "sha256:3f646cae2aec94e17d04973e4249548320197cfabdf130015d023de4b74d8ab8", size = 16622 }
wheels = [
    { url = "https://files.pythonhosted.org/packages/de/f7/4da0ffe1892122c9ea096c57f64c2753ae5dd3ce85488802d11b0992cc6d/tomli-2.1.0-py3-none-any.whl", hash = "sha256:a5c57c3d1c56f5ccdf89f6523458f60ef716e210fc47c4cfb188c5ba473e0391", size = 13750 },
]

[[package]]
name = "types-protobuf"
version = "5.28.3.20241030"
source = { registry = "https://pypi.org/simple" }
sdist = { url = "https://files.pythonhosted.org/packages/c8/d4/d186e43cfb38ecefc91315ee9193d5722a88d7a3c8eac34a3ed603377407/types-protobuf-5.28.3.20241030.tar.gz", hash = "sha256:f7e6b45845d75393fb41c0b3ce82c46d775f9771fae2097414a1dbfe5b51a988", size = 54665 }
wheels = [
    { url = "https://files.pythonhosted.org/packages/72/da/c261bb44799d3f4455fc881ca342c14f5b5b23878bef568a1cdcd324e62f/types_protobuf-5.28.3.20241030-py3-none-any.whl", hash = "sha256:f3dae16adf342d4fb5bb3673cabb22549a6252e5dd66fc52d8310b1a39c64ba9", size = 68781 },
]

[[package]]
name = "typing-extensions"
version = "4.12.2"
source = { registry = "https://pypi.org/simple" }
sdist = { url = "https://files.pythonhosted.org/packages/df/db/f35a00659bc03fec321ba8bce9420de607a1d37f8342eee1863174c69557/typing_extensions-4.12.2.tar.gz", hash = "sha256:1a7ead55c7e559dd4dee8856e3a88b41225abfe1ce8df57b7c13915fe121ffb8", size = 85321 }
wheels = [
    { url = "https://files.pythonhosted.org/packages/26/9f/ad63fc0248c5379346306f8668cda6e2e2e9c95e01216d2b8ffd9ff037d0/typing_extensions-4.12.2-py3-none-any.whl", hash = "sha256:04e5ca0351e0f3f85c6853954072df659d0d13fac324d0072316b67d7794700d", size = 37438 },
]
