lockfileVersion: '6.0'

settings:
  autoInstallPeers: true
  excludeLinksFromLockfile: false

devDependencies:
  '@bufbuild/protobuf':
    specifier: ^1.10.0
    version: 1.10.0
  '@bufbuild/protoc-gen-es':
    specifier: ^1.10.0
    version: 1.10.0(@bufbuild/protobuf@1.10.0)

packages:

  /@bufbuild/protobuf@1.10.0:
    resolution: {integrity: sha512-QDdVFLoN93Zjg36NoQPZfsVH9tZew7wKDKyV5qRdj8ntT4wQCOradQjRaTdwMhWUYsgKsvCINKKm87FdEk96Ag==}
    dev: true

  /@bufbuild/protoc-gen-es@1.10.0(@bufbuild/protobuf@1.10.0):
    resolution: {integrity: sha512-zBYBsVT/ul4uZb6F+kD7/k4sWNHVVbEPfJwKi0FDr+9VJo8MKIofI6pkr5ksBLr4fi/74r+e/75Xi/0clL5dXg==}
    engines: {node: '>=14'}
    hasBin: true
    peerDependencies:
      '@bufbuild/protobuf': 1.10.0
    peerDependenciesMeta:
      '@bufbuild/protobuf':
        optional: true
    dependencies:
      '@bufbuild/protobuf': 1.10.0
      '@bufbuild/protoplugin': 1.10.0
    transitivePeerDependencies:
      - supports-color
    dev: true

  /@bufbuild/protoplugin@1.10.0:
    resolution: {integrity: sha512-u6NE4vL0lw1+EK4/PiE/SQB7fKO4LRJNTEScIXVOi2x88K/c8WKc/k0KyEaA0asVBMpwekJQZGnRyj04ZtN5Gg==}
    dependencies:
      '@bufbuild/protobuf': 1.10.0
      '@typescript/vfs': 1.5.3(typescript@4.5.2)
      typescript: 4.5.2
    transitivePeerDependencies:
      - supports-color
    dev: true

  /@typescript/vfs@1.5.3(typescript@4.5.2):
    resolution: {integrity: sha512-OSZ/o3wwD5VPZVdGGsXWk7sRGRtwrGnqA4zwmb33FTs7Wxmad0QTkQCbaNyqWA8hL09TCwAthdp8yjFA5G1lvw==}
    peerDependencies:
      typescript: '*'
    dependencies:
      debug: 4.3.5
      typescript: 4.5.2
    transitivePeerDependencies:
      - supports-color
    dev: true

  /debug@4.3.5:
    resolution: {integrity: sha512-pt0bNEmneDIvdL1Xsd9oDQ/wrQRkXDT4AUWlNZNPKvW5x/jyO9VFXkJUP07vQ2upmw5PlaITaPKc31jK13V+jg==}
    engines: {node: '>=6.0'}
    peerDependencies:
      supports-color: '*'
    peerDependenciesMeta:
      supports-color:
        optional: true
    dependencies:
      ms: 2.1.2
    dev: true

  /ms@2.1.2:
    resolution: {integrity: sha512-sGkPx+VjMtmA6MX27oA4FBFELFCZZ4S4XqeGOXCv68tT+jb3vk/RyaKWP0PTKyWtmLSM0b+adUTEvbs1PEaH2w==}
    dev: true

  /typescript@4.5.2:
    resolution: {integrity: sha512-5BlMof9H1yGt0P8/WF+wPNw6GfctgGjXp5hkblpyT+8rkASSmkUKMXrxR0Xg8ThVCi/JnHQiKXeBaEwCeQwMFw==}
    engines: {node: '>=4.2.0'}
    hasBin: true
    dev: true
